{
  "name": "mdrproxy",
  "version": "0.0.1",
  "lockfileVersion": 1,
  "requires": true,
  "dependencies": {
    "@types/node": {
      "version": "12.12.64",
      "resolved": "https://registry.npmjs.org/@types/node/-/node-12.12.64.tgz",
      "integrity": "sha512-UV1/ZJMC+HcP902wWdpC43cAcGu0IQk/I5bXjP2aSuCjsk3cE74mDvFrLKga7oDC170ugOAYBwfT4DSQW3akDA==",
      "dev": true
    },
    "typescript": {
      "version": "3.9.7",
      "resolved": "https://registry.npmjs.org/typescript/-/typescript-3.9.7.tgz",
      "integrity": "sha512-BLbiRkiBzAwsjut4x/dsibSTB6yWpwT5qWmC2OfuCg3GgVQCSgMs4vEctYPhsaGtd0AeuuHMkjZ2h2WG8MSzRw==",
      "dev": true
    }
  }
}
